// !$*UTF8*$!
{
	archiveVersion = 1;
	classes = {
	};
	objectVersion = 56;
	objects = {

/* Begin PBXBuildFile section */
		A548FB412C8B72D60045DD57 /* AppDelegate.swift in Sources */ = {isa = PBXBuildFile; fileRef = A548FB402C8B72D60045DD57 /* AppDelegate.swift */; };
		A548FB432C8B72D60045DD57 /* SceneDelegate.swift in Sources */ = {isa = PBXBuildFile; fileRef = A548FB422C8B72D60045DD57 /* SceneDelegate.swift */; };
		A548FB482C8B72D60045DD57 /* Base in Resources */ = {isa = PBXBuildFile; fileRef = A548FB472C8B72D60045DD57 /* Base */; };
		A548FB4A2C8B72D70045DD57 /* Assets.xcassets in Resources */ = {isa = PBXBuildFile; fileRef = A548FB492C8B72D70045DD57 /* Assets.xcassets */; };
		A548FB4D2C8B72D70045DD57 /* Base in Resources */ = {isa = PBXBuildFile; fileRef = A548FB4C2C8B72D70045DD57 /* Base */; };
		A548FB582C8B72D70045DD57 /* Project_1Tests.swift in Sources */ = {isa = PBXBuildFile; fileRef = A548FB572C8B72D70045DD57 /* Project_1Tests.swift */; };
		A548FB622C8B72D70045DD57 /* Project_1UITests.swift in Sources */ = {isa = PBXBuildFile; fileRef = A548FB612C8B72D70045DD57 /* Project_1UITests.swift */; };
		A548FB642C8B72D70045DD57 /* Project_1UITestsLaunchTests.swift in Sources */ = {isa = PBXBuildFile; fileRef = A548FB632C8B72D70045DD57 /* Project_1UITestsLaunchTests.swift */; };
		A55353782C8CE7130082D474 /* View.swift in Sources */ = {isa = PBXBuildFile; fileRef = A55353772C8CE7130082D474 /* View.swift */; };
/* End PBXBuildFile section */

/* Begin PBXContainerItemProxy section */
		A548FB542C8B72D70045DD57 /* PBXContainerItemProxy */ = {
			isa = PBXContainerItemProxy;
			containerPortal = A548FB352C8B72D60045DD57 /* Project object */;
			proxyType = 1;
			remoteGlobalIDString = A548FB3C2C8B72D60045DD57;
			remoteInfo = Project_1;
		};
		A548FB5E2C8B72D70045DD57 /* PBXContainerItemProxy */ = {
			isa = PBXContainerItemProxy;
			containerPortal = A548FB352C8B72D60045DD57 /* Project object */;
			proxyType = 1;
			remoteGlobalIDString = A548FB3C2C8B72D60045DD57;
			remoteInfo = Project_1;
		};
/* End PBXContainerItemProxy section */

/* Begin PBXFileReference section */
		A548FB3D2C8B72D60045DD57 /* Project_1.app */ = {isa = PBXFileReference; explicitFileType = wrapper.application; includeInIndex = 0; path = Project_1.app; sourceTree = BUILT_PRODUCTS_DIR; };
		A548FB402C8B72D60045DD57 /* AppDelegate.swift */ = {isa = PBXFileReference; lastKnownFileType = sourcecode.swift; path = AppDelegate.swift; sourceTree = "<group>"; };
		A548FB422C8B72D60045DD57 /* SceneDelegate.swift */ = {isa = PBXFileReference; lastKnownFileType = sourcecode.swift; path = SceneDelegate.swift; sourceTree = "<group>"; };
		A548FB472C8B72D60045DD57 /* Base */ = {isa = PBXFileReference; lastKnownFileType = file.storyboard; name = Base; path = Base.lproj/Main.storyboard; sourceTree = "<group>"; };
		A548FB492C8B72D70045DD57 /* Assets.xcassets */ = {isa = PBXFileReference; lastKnownFileType = folder.assetcatalog; path = Assets.xcassets; sourceTree = "<group>"; };
		A548FB4C2C8B72D70045DD57 /* Base */ = {isa = PBXFileReference; lastKnownFileType = file.storyboard; name = Base; path = Base.lproj/LaunchScreen.storyboard; sourceTree = "<group>"; };
		A548FB4E2C8B72D70045DD57 /* Info.plist */ = {isa = PBXFileReference; lastKnownFileType = text.plist.xml; path = Info.plist; sourceTree = "<group>"; };
		A548FB532C8B72D70045DD57 /* Project_1Tests.xctest */ = {isa = PBXFileReference; explicitFileType = wrapper.cfbundle; includeInIndex = 0; path = Project_1Tests.xctest; sourceTree = BUILT_PRODUCTS_DIR; };
		A548FB572C8B72D70045DD57 /* Project_1Tests.swift */ = {isa = PBXFileReference; lastKnownFileType = sourcecode.swift; path = Project_1Tests.swift; sourceTree = "<group>"; };
		A548FB5D2C8B72D70045DD57 /* Project_1UITests.xctest */ = {isa = PBXFileReference; explicitFileType = wrapper.cfbundle; includeInIndex = 0; path = Project_1UITests.xctest; sourceTree = BUILT_PRODUCTS_DIR; };
		A548FB612C8B72D70045DD57 /* Project_1UITests.swift */ = {isa = PBXFileReference; lastKnownFileType = sourcecode.swift; path = Project_1UITests.swift; sourceTree = "<group>"; };
		A548FB632C8B72D70045DD57 /* Project_1UITestsLaunchTests.swift */ = {isa = PBXFileReference; lastKnownFileType = sourcecode.swift; path = Project_1UITestsLaunchTests.swift; sourceTree = "<group>"; };
		A55353772C8CE7130082D474 /* View.swift */ = {isa = PBXFileReference; lastKnownFileType = sourcecode.swift; path = View.swift; sourceTree = "<group>"; };
/* End PBXFileReference section */

/* Begin PBXFrameworksBuildPhase section */
		A548FB3A2C8B72D60045DD57 /* Frameworks */ = {
			isa = PBXFrameworksBuildPhase;
			buildActionMask = 2147483647;
			files = (
			);
			runOnlyForDeploymentPostprocessing = 0;
		};
		A548FB502C8B72D70045DD57 /* Frameworks */ = {
			isa = PBXFrameworksBuildPhase;
			buildActionMask = 2147483647;
			files = (
			);
			runOnlyForDeploymentPostprocessing = 0;
		};
		A548FB5A2C8B72D70045DD57 /* Frameworks */ = {
			isa = PBXFrameworksBuildPhase;
			buildActionMask = 2147483647;
			files = (
			);
			runOnlyForDeploymentPostprocessing = 0;
		};
/* End PBXFrameworksBuildPhase section */

/* Begin PBXGroup section */
		A548FB342C8B72D60045DD57 = {
			isa = PBXGroup;
			children = (
				A548FB3F2C8B72D60045DD57 /* Project_1 */,
				A548FB562C8B72D70045DD57 /* Project_1Tests */,
				A548FB602C8B72D70045DD57 /* Project_1UITests */,
				A548FB3E2C8B72D60045DD57 /* Products */,
			);
			sourceTree = "<group>";
		};
		A548FB3E2C8B72D60045DD57 /* Products */ = {
			isa = PBXGroup;
			children = (
				A548FB3D2C8B72D60045DD57 /* Project_1.app */,
				A548FB532C8B72D70045DD57 /* Project_1Tests.xctest */,
				A548FB5D2C8B72D70045DD57 /* Project_1UITests.xctest */,
			);
			name = Products;
			sourceTree = "<group>";
		};
		A548FB3F2C8B72D60045DD57 /* Project_1 */ = {
			isa = PBXGroup;
			children = (
				A548FB402C8B72D60045DD57 /* AppDelegate.swift */,
				A548FB422C8B72D60045DD57 /* SceneDelegate.swift */,
				A548FB462C8B72D60045DD57 /* Main.storyboard */,
				A548FB492C8B72D70045DD57 /* Assets.xcassets */,
				A548FB4B2C8B72D70045DD57 /* LaunchScreen.storyboard */,
				A548FB4E2C8B72D70045DD57 /* Info.plist */,
				A55353772C8CE7130082D474 /* View.swift */,
			);
			path = Project_1;
			sourceTree = "<group>";
		};
		A548FB562C8B72D70045DD57 /* Project_1Tests */ = {
			isa = PBXGroup;
			children = (
				A548FB572C8B72D70045DD57 /* Project_1Tests.swift */,
			);
			path = Project_1Tests;
			sourceTree = "<group>";
		};
		A548FB602C8B72D70045DD57 /* Project_1UITests */ = {
			isa = PBXGroup;
			children = (
				A548FB612C8B72D70045DD57 /* Project_1UITests.swift */,
				A548FB632C8B72D70045DD57 /* Project_1UITestsLaunchTests.swift */,
			);
			path = Project_1UITests;
			sourceTree = "<group>";
		};
/* End PBXGroup section */

/* Begin PBXNativeTarget section */
		A548FB3C2C8B72D60045DD57 /* Project_1 */ = {
			isa = PBXNativeTarget;
			buildConfigurationList = A548FB672C8B72D70045DD57 /* Build configuration list for PBXNativeTarget "Project_1" */;
			buildPhases = (
				A548FB392C8B72D60045DD57 /* Sources */,
				A548FB3A2C8B72D60045DD57 /* Frameworks */,
				A548FB3B2C8B72D60045DD57 /* Resources */,
			);
			buildRules = (
			);
			dependencies = (
			);
			name = Project_1;
			productName = Project_1;
			productReference = A548FB3D2C8B72D60045DD57 /* Project_1.app */;
			productType = "com.apple.product-type.application";
		};
		A548FB522C8B72D70045DD57 /* Project_1Tests */ = {
			isa = PBXNativeTarget;
			buildConfigurationList = A548FB6A2C8B72D70045DD57 /* Build configuration list for PBXNativeTarget "Project_1Tests" */;
			buildPhases = (
				A548FB4F2C8B72D70045DD57 /* Sources */,
				A548FB502C8B72D70045DD57 /* Frameworks */,
				A548FB512C8B72D70045DD57 /* Resources */,
			);
			buildRules = (
			);
			dependencies = (
				A548FB552C8B72D70045DD57 /* PBXTargetDependency */,
			);
			name = Project_1Tests;
			productName = Project_1Tests;
			productReference = A548FB532C8B72D70045DD57 /* Project_1Tests.xctest */;
			productType = "com.apple.product-type.bundle.unit-test";
		};
		A548FB5C2C8B72D70045DD57 /* Project_1UITests */ = {
			isa = PBXNativeTarget;
			buildConfigurationList = A548FB6D2C8B72D70045DD57 /* Build configuration list for PBXNativeTarget "Project_1UITests" */;
			buildPhases = (
				A548FB592C8B72D70045DD57 /* Sources */,
				A548FB5A2C8B72D70045DD57 /* Frameworks */,
				A548FB5B2C8B72D70045DD57 /* Resources */,
			);
			buildRules = (
			);
			dependencies = (
				A548FB5F2C8B72D70045DD57 /* PBXTargetDependency */,
			);
			name = Project_1UITests;
			productName = Project_1UITests;
			productReference = A548FB5D2C8B72D70045DD57 /* Project_1UITests.xctest */;
			productType = "com.apple.product-type.bundle.ui-testing";
		};
/* End PBXNativeTarget section */

/* Begin PBXProject section */
		A548FB352C8B72D60045DD57 /* Project object */ = {
			isa = PBXProject;
			attributes = {
				BuildIndependentTargetsInParallel = 1;
				LastSwiftUpdateCheck = 1540;
				LastUpgradeCheck = 1540;
				TargetAttributes = {
					A548FB3C2C8B72D60045DD57 = {
						CreatedOnToolsVersion = 15.4;
					};
					A548FB522C8B72D70045DD57 = {
						CreatedOnToolsVersion = 15.4;
						TestTargetID = A548FB3C2C8B72D60045DD57;
					};
					A548FB5C2C8B72D70045DD57 = {
						CreatedOnToolsVersion = 15.4;
						TestTargetID = A548FB3C2C8B72D60045DD57;
					};
				};
			};
			buildConfigurationList = A548FB382C8B72D60045DD57 /* Build configuration list for PBXProject "Project_1" */;
			compatibilityVersion = "Xcode 14.0";
			developmentRegion = en;
			hasScannedForEncodings = 0;
			knownRegions = (
				en,
				Base,
			);
			mainGroup = A548FB342C8B72D60045DD57;
			productRefGroup = A548FB3E2C8B72D60045DD57 /* Products */;
			projectDirPath = "";
			projectRoot = "";
			targets = (
				A548FB3C2C8B72D60045DD57 /* Project_1 */,
				A548FB522C8B72D70045DD57 /* Project_1Tests */,
				A548FB5C2C8B72D70045DD57 /* Project_1UITests */,
			);
		};
/* End PBXProject section */

/* Begin PBXResourcesBuildPhase section */
		A548FB3B2C8B72D60045DD57 /* Resources */ = {
			isa = PBXResourcesBuildPhase;
			buildActionMask = 2147483647;
			files = (
				A548FB4A2C8B72D70045DD57 /* Assets.xcassets in Resources */,
				A548FB4D2C8B72D70045DD57 /* Base in Resources */,
				A548FB482C8B72D60045DD57 /* Base in Resources */,
			);
			runOnlyForDeploymentPostprocessing = 0;
		};
		A548FB512C8B72D70045DD57 /* Resources */ = {
			isa = PBXResourcesBuildPhase;
			buildActionMask = 2147483647;
			files = (
			);
			runOnlyForDeploymentPostprocessing = 0;
		};
		A548FB5B2C8B72D70045DD57 /* Resources */ = {
			isa = PBXResourcesBuildPhase;
			buildActionMask = 2147483647;
			files = (
			);
			runOnlyForDeploymentPostprocessing = 0;
		};
/* End PBXResourcesBuildPhase section */

/* Begin PBXSourcesBuildPhase section */
		A548FB392C8B72D60045DD57 /* Sources */ = {
			isa = PBXSourcesBuildPhase;
			buildActionMask = 2147483647;
			files = (
				A548FB412C8B72D60045DD57 /* AppDelegate.swift in Sources */,
				A548FB432C8B72D60045DD57 /* SceneDelegate.swift in Sources */,
				A55353782C8CE7130082D474 /* View.swift in Sources */,
			);
			runOnlyForDeploymentPostprocessing = 0;
		};
		A548FB4F2C8B72D70045DD57 /* Sources */ = {
			isa = PBXSourcesBuildPhase;
			buildActionMask = 2147483647;
			files = (
				A548FB582C8B72D70045DD57 /* Project_1Tests.swift in Sources */,
			);
			runOnlyForDeploymentPostprocessing = 0;
		};
		A548FB592C8B72D70045DD57 /* Sources */ = {
			isa = PBXSourcesBuildPhase;
			buildActionMask = 2147483647;
			files = (
				A548FB642C8B72D70045DD57 /* Project_1UITestsLaunchTests.swift in Sources */,
				A548FB622C8B72D70045DD57 /* Project_1UITests.swift in Sources */,
			);
			runOnlyForDeploymentPostprocessing = 0;
		};
/* End PBXSourcesBuildPhase section */

/* Begin PBXTargetDependency section */
		A548FB552C8B72D70045DD57 /* PBXTargetDependency */ = {
			isa = PBXTargetDependency;
			target = A548FB3C2C8B72D60045DD57 /* Project_1 */;
			targetProxy = A548FB542C8B72D70045DD57 /* PBXContainerItemProxy */;
		};
		A548FB5F2C8B72D70045DD57 /* PBXTargetDependency */ = {
			isa = PBXTargetDependency;
			target = A548FB3C2C8B72D60045DD57 /* Project_1 */;
			targetProxy = A548FB5E2C8B72D70045DD57 /* PBXContainerItemProxy */;
		};
/* End PBXTargetDependency section */

/* Begin PBXVariantGroup section */
		A548FB462C8B72D60045DD57 /* Main.storyboard */ = {
			isa = PBXVariantGroup;
			children = (
				A548FB472C8B72D60045DD57 /* Base */,
			);
			name = Main.storyboard;
			sourceTree = "<group>";
		};
		A548FB4B2C8B72D70045DD57 /* LaunchScreen.storyboard */ = {
			isa = PBXVariantGroup;
			children = (
				A548FB4C2C8B72D70045DD57 /* Base */,
			);
			name = LaunchScreen.storyboard;
			sourceTree = "<group>";
		};
/* End PBXVariantGroup section */

/* Begin XCBuildConfiguration section */
		A548FB652C8B72D70045DD57 /* Debug */ = {
			isa = XCBuildConfiguration;
			buildSettings = {
				ALWAYS_SEARCH_USER_PATHS = NO;
				ASSETCATALOG_COMPILER_GENERATE_SWIFT_ASSET_SYMBOL_EXTENSIONS = YES;
				CLANG_ANALYZER_NONNULL = YES;
				CLANG_ANALYZER_NUMBER_OBJECT_CONVERSION = YES_AGGRESSIVE;
				CLANG_CXX_LANGUAGE_STANDARD = "gnu++20";
				CLANG_ENABLE_MODULES = YES;
				CLANG_ENABLE_OBJC_ARC = YES;
				CLANG_ENABLE_OBJC_WEAK = YES;
				CLANG_WARN_BLOCK_CAPTURE_AUTORELEASING = YES;
				CLANG_WARN_BOOL_CONVERSION = YES;
				CLANG_WARN_COMMA = YES;
				CLANG_WARN_CONSTANT_CONVERSION = YES;
				CLANG_WARN_DEPRECATED_OBJC_IMPLEMENTATIONS = YES;
				CLANG_WARN_DIRECT_OBJC_ISA_USAGE = YES_ERROR;
				CLANG_WARN_DOCUMENTATION_COMMENTS = YES;
				CLANG_WARN_EMPTY_BODY = YES;
				CLANG_WARN_ENUM_CONVERSION = YES;
				CLANG_WARN_INFINITE_RECURSION = YES;
				CLANG_WARN_INT_CONVERSION = YES;
				CLANG_WARN_NON_LITERAL_NULL_CONVERSION = YES;
				CLANG_WARN_OBJC_IMPLICIT_RETAIN_SELF = YES;
				CLANG_WARN_OBJC_LITERAL_CONVERSION = YES;
				CLANG_WARN_OBJC_ROOT_CLASS = YES_ERROR;
				CLANG_WARN_QUOTED_INCLUDE_IN_FRAMEWORK_HEADER = YES;
				CLANG_WARN_RANGE_LOOP_ANALYSIS = YES;
				CLANG_WARN_STRICT_PROTOTYPES = YES;
				CLANG_WARN_SUSPICIOUS_MOVE = YES;
				CLANG_WARN_UNGUARDED_AVAILABILITY = YES_AGGRESSIVE;
				CLANG_WARN_UNREACHABLE_CODE = YES;
				CLANG_WARN__DUPLICATE_METHOD_MATCH = YES;
				COPY_PHASE_STRIP = NO;
				DEBUG_INFORMATION_FORMAT = dwarf;
				ENABLE_STRICT_OBJC_MSGSEND = YES;
				ENABLE_TESTABILITY = YES;
				ENABLE_USER_SCRIPT_SANDBOXING = YES;
				GCC_C_LANGUAGE_STANDARD = gnu17;
				GCC_DYNAMIC_NO_PIC = NO;
				GCC_NO_COMMON_BLOCKS = YES;
				GCC_OPTIMIZATION_LEVEL = 0;
				GCC_PREPROCESSOR_DEFINITIONS = (
					"DEBUG=1",
					"$(inherited)",
				);
				GCC_WARN_64_TO_32_BIT_CONVERSION = YES;
				GCC_WARN_ABOUT_RETURN_TYPE = YES_ERROR;
				GCC_WARN_UNDECLARED_SELECTOR = YES;
				GCC_WARN_UNINITIALIZED_AUTOS = YES_AGGRESSIVE;
				GCC_WARN_UNUSED_FUNCTION = YES;
				GCC_WARN_UNUSED_VARIABLE = YES;
				IPHONEOS_DEPLOYMENT_TARGET = 17.5;
				LOCALIZATION_PREFERS_STRING_CATALOGS = YES;
				MTL_ENABLE_DEBUG_INFO = INCLUDE_SOURCE;
				MTL_FAST_MATH = YES;
				ONLY_ACTIVE_ARCH = YES;
				SDKROOT = iphoneos;
				SWIFT_ACTIVE_COMPILATION_CONDITIONS = "DEBUG $(inherited)";
				SWIFT_OPTIMIZATION_LEVEL = "-Onone";
			};
			name = Debug;
		};
		A548FB662C8B72D70045DD57 /* Release */ = {
			isa = XCBuildConfiguration;
			buildSettings = {
				ALWAYS_SEARCH_USER_PATHS = NO;
				ASSETCATALOG_COMPILER_GENERATE_SWIFT_ASSET_SYMBOL_EXTENSIONS = YES;
				CLANG_ANALYZER_NONNULL = YES;
				CLANG_ANALYZER_NUMBER_OBJECT_CONVERSION = YES_AGGRESSIVE;
				CLANG_CXX_LANGUAGE_STANDARD = "gnu++20";
				CLANG_ENABLE_MODULES = YES;
				CLANG_ENABLE_OBJC_ARC = YES;
				CLANG_ENABLE_OBJC_WEAK = YES;
				CLANG_WARN_BLOCK_CAPTURE_AUTORELEASING = YES;
				CLANG_WARN_BOOL_CONVERSION = YES;
				CLANG_WARN_COMMA = YES;
				CLANG_WARN_CONSTANT_CONVERSION = YES;
				CLANG_WARN_DEPRECATED_OBJC_IMPLEMENTATIONS = YES;
				CLANG_WARN_DIRECT_OBJC_ISA_USAGE = YES_ERROR;
				CLANG_WARN_DOCUMENTATION_COMMENTS = YES;
				CLANG_WARN_EMPTY_BODY = YES;
				CLANG_WARN_ENUM_CONVERSION = YES;
				CLANG_WARN_INFINITE_RECURSION = YES;
				CLANG_WARN_INT_CONVERSION = YES;
				CLANG_WARN_NON_LITERAL_NULL_CONVERSION = YES;
				CLANG_WARN_OBJC_IMPLICIT_RETAIN_SELF = YES;
				CLANG_WARN_OBJC_LITERAL_CONVERSION = YES;
				CLANG_WARN_OBJC_ROOT_CLASS = YES_ERROR;
				CLANG_WARN_QUOTED_INCLUDE_IN_FRAMEWORK_HEADER = YES;
				CLANG_WARN_RANGE_LOOP_ANALYSIS = YES;
				CLANG_WARN_STRICT_PROTOTYPES = YES;
				CLANG_WARN_SUSPICIOUS_MOVE = YES;
				CLANG_WARN_UNGUARDED_AVAILABILITY = YES_AGGRESSIVE;
				CLANG_WARN_UNREACHABLE_CODE = YES;
				CLANG_WARN__DUPLICATE_METHOD_MATCH = YES;
				COPY_PHASE_STRIP = NO;
				DEBUG_INFORMATION_FORMAT = "dwarf-with-dsym";
				ENABLE_NS_ASSERTIONS = NO;
				ENABLE_STRICT_OBJC_MSGSEND = YES;
				ENABLE_USER_SCRIPT_SANDBOXING = YES;
				GCC_C_LANGUAGE_STANDARD = gnu17;
				GCC_NO_COMMON_BLOCKS = YES;
				GCC_WARN_64_TO_32_BIT_CONVERSION = YES;
				GCC_WARN_ABOUT_RETURN_TYPE = YES_ERROR;
				GCC_WARN_UNDECLARED_SELECTOR = YES;
				GCC_WARN_UNINITIALIZED_AUTOS = YES_AGGRESSIVE;
				GCC_WARN_UNUSED_FUNCTION = YES;
				GCC_WARN_UNUSED_VARIABLE = YES;
				IPHONEOS_DEPLOYMENT_TARGET = 17.5;
				LOCALIZATION_PREFERS_STRING_CATALOGS = YES;
				MTL_ENABLE_DEBUG_INFO = NO;
				MTL_FAST_MATH = YES;
				SDKROOT = iphoneos;
				SWIFT_COMPILATION_MODE = wholemodule;
				VALIDATE_PRODUCT = YES;
			};
			name = Release;
		};
		A548FB682C8B72D70045DD57 /* Debug */ = {
			isa = XCBuildConfiguration;
			buildSettings = {
				ASSETCATALOG_COMPILER_APPICON_NAME = AppIcon;
				ASSETCATALOG_COMPILER_GLOBAL_ACCENT_COLOR_NAME = AccentColor;
				CODE_SIGN_STYLE = Automatic;
				CURRENT_PROJECT_VERSION = 1;
				DEVELOPMENT_TEAM = 3S36T7U72V;
				GENERATE_INFOPLIST_FILE = YES;
				INFOPLIST_FILE = Project_1/Info.plist;
				INFOPLIST_KEY_UIApplicationSupportsIndirectInputEvents = YES;
				INFOPLIST_KEY_UILaunchStoryboardName = LaunchScreen;
				INFOPLIST_KEY_UIMainStoryboardFile = Main;
				INFOPLIST_KEY_UISupportedInterfaceOrientations_iPad = "UIInterfaceOrientationPortrait UIInterfaceOrientationPortraitUpsideDown UIInterfaceOrientationLandscapeLeft UIInterfaceOrientationLandscapeRight";
				INFOPLIST_KEY_UISupportedInterfaceOrientations_iPhone = "UIInterfaceOrientationPortrait UIInterfaceOrientationLandscapeLeft UIInterfaceOrientationLandscapeRight";
				LD_RUNPATH_SEARCH_PATHS = (
					"$(inherited)",
					"@executable_path/Frameworks",
				);
				MARKETING_VERSION = 1.0;
				PRODUCT_BUNDLE_IDENTIFIER = "-234.Project-1";
				PRODUCT_NAME = "$(TARGET_NAME)";
				SWIFT_EMIT_LOC_STRINGS = YES;
				SWIFT_VERSION = 5.0;
				TARGETED_DEVICE_FAMILY = "1,2";
			};
			name = Debug;
		};
		A548FB692C8B72D70045DD57 /* Release */ = {
			isa = XCBuildConfiguration;
			buildSettings = {
				ASSETCATALOG_COMPILER_APPICON_NAME = AppIcon;
				ASSETCATALOG_COMPILER_GLOBAL_ACCENT_COLOR_NAME = AccentColor;
				CODE_SIGN_STYLE = Automatic;
				CURRENT_PROJECT_VERSION = 1;
				DEVELOPMENT_TEAM = 3S36T7U72V;
				GENERATE_INFOPLIST_FILE = YES;
				INFOPLIST_FILE = Project_1/Info.plist;
				INFOPLIST_KEY_UIApplicationSupportsIndirectInputEvents = YES;
				INFOPLIST_KEY_UILaunchStoryboardName = LaunchScreen;
				INFOPLIST_KEY_UIMainStoryboardFile = Main;
				INFOPLIST_KEY_UISupportedInterfaceOrientations_iPad = "UIInterfaceOrientationPortrait UIInterfaceOrientationPortraitUpsideDown UIInterfaceOrientationLandscapeLeft UIInterfaceOrientationLandscapeRight";
				INFOPLIST_KEY_UISupportedInterfaceOrientations_iPhone = "UIInterfaceOrientationPortrait UIInterfaceOrientationLandscapeLeft UIInterfaceOrientationLandscapeRight";
				LD_RUNPATH_SEARCH_PATHS = (
					"$(inherited)",
					"@executable_path/Frameworks",
				);
				MARKETING_VERSION = 1.0;
				PRODUCT_BUNDLE_IDENTIFIER = "-234.Project-1";
				PRODUCT_NAME = "$(TARGET_NAME)";
				SWIFT_EMIT_LOC_STRINGS = YES;
				SWIFT_VERSION = 5.0;
				TARGETED_DEVICE_FAMILY = "1,2";
			};
			name = Release;
		};
		A548FB6B2C8B72D70045DD57 /* Debug */ = {
			isa = XCBuildConfiguration;
			buildSettings = {
				ALWAYS_EMBED_SWIFT_STANDARD_LIBRARIES = YES;
				BUNDLE_LOADER = "$(TEST_HOST)";
				CODE_SIGN_STYLE = Automatic;
				CURRENT_PROJECT_VERSION = 1;
				DEVELOPMENT_TEAM = 3S36T7U72V;
				GENERATE_INFOPLIST_FILE = YES;
				IPHONEOS_DEPLOYMENT_TARGET = 17.5;
				MARKETING_VERSION = 1.0;
				PRODUCT_BUNDLE_IDENTIFIER = "-234.Project-1Tests";
				PRODUCT_NAME = "$(TARGET_NAME)";
				SWIFT_EMIT_LOC_STRINGS = NO;
				SWIFT_VERSION = 5.0;
				TARGETED_DEVICE_FAMILY = "1,2";
				TEST_HOST = "$(BUILT_PRODUCTS_DIR)/Project_1.app/$(BUNDLE_EXECUTABLE_FOLDER_PATH)/Project_1";
			};
			name = Debug;
		};
		A548FB6C2C8B72D70045DD57 /* Release */ = {
			isa = XCBuildConfiguration;
			buildSettings = {
				ALWAYS_EMBED_SWIFT_STANDARD_LIBRARIES = YES;
				BUNDLE_LOADER = "$(TEST_HOST)";
				CODE_SIGN_STYLE = Automatic;
				CURRENT_PROJECT_VERSION = 1;
				DEVELOPMENT_TEAM = 3S36T7U72V;
				GENERATE_INFOPLIST_FILE = YES;
				IPHONEOS_DEPLOYMENT_TARGET = 17.5;
				MARKETING_VERSION = 1.0;
				PRODUCT_BUNDLE_IDENTIFIER = "-234.Project-1Tests";
				PRODUCT_NAME = "$(TARGET_NAME)";
				SWIFT_EMIT_LOC_STRINGS = NO;
				SWIFT_VERSION = 5.0;
				TARGETED_DEVICE_FAMILY = "1,2";
				TEST_HOST = "$(BUILT_PRODUCTS_DIR)/Project_1.app/$(BUNDLE_EXECUTABLE_FOLDER_PATH)/Project_1";
			};
			name = Release;
		};
		A548FB6E2C8B72D70045DD57 /* Debug */ = {
			isa = XCBuildConfiguration;
			buildSettings = {
				ALWAYS_EMBED_SWIFT_STANDARD_LIBRARIES = YES;
				CODE_SIGN_STYLE = Automatic;
				CURRENT_PROJECT_VERSION = 1;
				DEVELOPMENT_TEAM = 3S36T7U72V;
				GENERATE_INFOPLIST_FILE = YES;
				MARKETING_VERSION = 1.0;
				PRODUCT_BUNDLE_IDENTIFIER = "-234.Project-1UITests";
				PRODUCT_NAME = "$(TARGET_NAME)";
				SWIFT_EMIT_LOC_STRINGS = NO;
				SWIFT_VERSION = 5.0;
				TARGETED_DEVICE_FAMILY = "1,2";
				TEST_TARGET_NAME = Project_1;
			};
			name = Debug;
		};
		A548FB6F2C8B72D70045DD57 /* Release */ = {
			isa = XCBuildConfiguration;
			buildSettings = {
				ALWAYS_EMBED_SWIFT_STANDARD_LIBRARIES = YES;
				CODE_SIGN_STYLE = Automatic;
				CURRENT_PROJECT_VERSION = 1;
				DEVELOPMENT_TEAM = 3S36T7U72V;
				GENERATE_INFOPLIST_FILE = YES;
				MARKETING_VERSION = 1.0;
				PRODUCT_BUNDLE_IDENTIFIER = "-234.Project-1UITests";
				PRODUCT_NAME = "$(TARGET_NAME)";
				SWIFT_EMIT_LOC_STRINGS = NO;
				SWIFT_VERSION = 5.0;
				TARGETED_DEVICE_FAMILY = "1,2";
				TEST_TARGET_NAME = Project_1;
			};
			name = Release;
		};
/* End XCBuildConfiguration section */

/* Begin XCConfigurationList section */
		A548FB382C8B72D60045DD57 /* Build configuration list for PBXProject "Project_1" */ = {
			isa = XCConfigurationList;
			buildConfigurations = (
				A548FB652C8B72D70045DD57 /* Debug */,
				A548FB662C8B72D70045DD57 /* Release */,
			);
			defaultConfigurationIsVisible = 0;
			defaultConfigurationName = Release;
		};
		A548FB672C8B72D70045DD57 /* Build configuration list for PBXNativeTarget "Project_1" */ = {
			isa = XCConfigurationList;
			buildConfigurations = (
				A548FB682C8B72D70045DD57 /* Debug */,
				A548FB692C8B72D70045DD57 /* Release */,
			);
			defaultConfigurationIsVisible = 0;
			defaultConfigurationName = Release;
		};
		A548FB6A2C8B72D70045DD57 /* Build configuration list for PBXNativeTarget "Project_1Tests" */ = {
			isa = XCConfigurationList;
			buildConfigurations = (
				A548FB6B2C8B72D70045DD57 /* Debug */,
				A548FB6C2C8B72D70045DD57 /* Release */,
			);
			defaultConfigurationIsVisible = 0;
			defaultConfigurationName = Release;
		};
		A548FB6D2C8B72D70045DD57 /* Build configuration list for PBXNativeTarget "Project_1UITests" */ = {
			isa = XCConfigurationList;
			buildConfigurations = (
				A548FB6E2C8B72D70045DD57 /* Debug */,
				A548FB6F2C8B72D70045DD57 /* Release */,
			);
			defaultConfigurationIsVisible = 0;
			defaultConfigurationName = Release;
		};
/* End XCConfigurationList section */
	};
	rootObject = A548FB352C8B72D60045DD57 /* Project object */;
}
